
Microsoft Visual Studio Solution File, Format Version 10.00
# Visual Studio 2008
Project("{FAE04EC0-301F-11D3-BF4B-00C04F79EFBC}") = "BDI2Core", "BDI2Core\BDI2Core.csproj", "{19CD31DF-5476-41E1-BD60-2F1FF4AF796A}"
EndProject
Project("{FAE04EC0-301F-11D3-BF4B-00C04F79EFBC}") = "BDI2Web", "BDI2Web\BDI2Web.csproj", "{1A306D6D-E0E0-489E-B47B-1B64869D0253}"
EndProject
Project("{FAE04EC0-301F-11D3-BF4B-00C04F79EFBC}") = "CleanUpFiles", "CleanupJob\CleanUpFiles.csproj", "{FE94C0DD-03AC-484F-A00F-CA60818E0D94}"
EndProject
Project("{FAE04EC0-301F-11D3-BF4B-00C04F79EFBC}") = "ProcessEximJob", "ProcessJob\ProcessEximJob.csproj", "{649E9FDF-EA82-4214-AF0A-2E143B62FE32}"
EndProject
Project("{FAE04EC0-301F-11D3-BF4B-00C04F79EFBC}") = "DBScript", "DBScript\DBScript.csproj", "{F57C4A2D-AB86-4752-9014-FAD928BE28D6}"
EndProject
Project("{FAE04EC0-301F-11D3-BF4B-00C04F79EFBC}") = "BDI2_DB", "BDI2_DB\BDI2_DB.csproj", "{D486866A-DB52-4B0D-8670-D4CE65A3FAAD}"
EndProject
Project("{54435603-DBB4-11D2-8724-00A0C9A8B90C}") = "BDI2Setup", "BDI2WebSetup\BDI2Setup.vdproj", "{C396DBC3-ADA7-4914-931B-E8FFB51D03CC}"
EndProject
Project("{FAE04EC0-301F-11D3-BF4B-00C04F79EFBC}") = "EncrDecrPswMobWeb", "EncrDecrPswMobWeb\EncrDecrPswMobWeb.csproj", "{9AC3ACCE-63D9-468B-99E0-4E87D1835AA4}"
EndProject
Project("{F14B399A-7131-4C87-9E4B-1186C45EF12D}") = "BDI2Reports", "BDI2Reports\BDI2Reports.rptproj", "{F748970D-7BFE-46DB-BA01-F8B00747EC3C}"
EndProject
Global
	GlobalSection(SubversionScc) = preSolution
		Svn-Managed = True
		Manager = AnkhSVN - Subversion Support for Visual Studio
	EndGlobalSection
	GlobalSection(SolutionConfigurationPlatforms) = preSolution
		Debug_Web|Any CPU = Debug_Web|Any CPU
		Debug|Any CPU = Debug|Any CPU
		DebugLocal|Any CPU = DebugLocal|Any CPU
		Production|Any CPU = Production|Any CPU
		Release|Any CPU = Release|Any CPU
		UAT|Any CPU = UAT|Any CPU
	EndGlobalSection
	GlobalSection(ProjectConfigurationPlatforms) = postSolution
		{19CD31DF-5476-41E1-BD60-2F1FF4AF796A}.Debug_Web|Any CPU.ActiveCfg = Debug_Web|Any CPU
		{19CD31DF-5476-41E1-BD60-2F1FF4AF796A}.Debug_Web|Any CPU.Build.0 = Debug_Web|Any CPU
		{19CD31DF-5476-41E1-BD60-2F1FF4AF796A}.Debug|Any CPU.ActiveCfg = Debug|Any CPU
		{19CD31DF-5476-41E1-BD60-2F1FF4AF796A}.Debug|Any CPU.Build.0 = Debug|Any CPU
		{19CD31DF-5476-41E1-BD60-2F1FF4AF796A}.DebugLocal|Any CPU.ActiveCfg = Debug_Web|Any CPU
		{19CD31DF-5476-41E1-BD60-2F1FF4AF796A}.DebugLocal|Any CPU.Build.0 = Debug_Web|Any CPU
		{19CD31DF-5476-41E1-BD60-2F1FF4AF796A}.Production|Any CPU.ActiveCfg = Debug_Web|Any CPU
		{19CD31DF-5476-41E1-BD60-2F1FF4AF796A}.Production|Any CPU.Build.0 = Debug_Web|Any CPU
		{19CD31DF-5476-41E1-BD60-2F1FF4AF796A}.Release|Any CPU.ActiveCfg = Release|Any CPU
		{19CD31DF-5476-41E1-BD60-2F1FF4AF796A}.Release|Any CPU.Build.0 = Release|Any CPU
		{19CD31DF-5476-41E1-BD60-2F1FF4AF796A}.UAT|Any CPU.ActiveCfg = UAT|Any CPU
		{19CD31DF-5476-41E1-BD60-2F1FF4AF796A}.UAT|Any CPU.Build.0 = UAT|Any CPU
		{1A306D6D-E0E0-489E-B47B-1B64869D0253}.Debug_Web|Any CPU.ActiveCfg = Debug_Web|Any CPU
		{1A306D6D-E0E0-489E-B47B-1B64869D0253}.Debug_Web|Any CPU.Build.0 = Debug_Web|Any CPU
		{1A306D6D-E0E0-489E-B47B-1B64869D0253}.Debug|Any CPU.ActiveCfg = Debug|Any CPU
		{1A306D6D-E0E0-489E-B47B-1B64869D0253}.Debug|Any CPU.Build.0 = Debug|Any CPU
		{1A306D6D-E0E0-489E-B47B-1B64869D0253}.DebugLocal|Any CPU.ActiveCfg = Debug_Web|Any CPU
		{1A306D6D-E0E0-489E-B47B-1B64869D0253}.DebugLocal|Any CPU.Build.0 = Debug_Web|Any CPU
		{1A306D6D-E0E0-489E-B47B-1B64869D0253}.Production|Any CPU.ActiveCfg = Debug_Web|Any CPU
		{1A306D6D-E0E0-489E-B47B-1B64869D0253}.Production|Any CPU.Build.0 = Debug_Web|Any CPU
		{1A306D6D-E0E0-489E-B47B-1B64869D0253}.Release|Any CPU.ActiveCfg = Release|Any CPU
		{1A306D6D-E0E0-489E-B47B-1B64869D0253}.Release|Any CPU.Build.0 = Release|Any CPU
		{1A306D6D-E0E0-489E-B47B-1B64869D0253}.UAT|Any CPU.ActiveCfg = UAT|Any CPU
		{1A306D6D-E0E0-489E-B47B-1B64869D0253}.UAT|Any CPU.Build.0 = UAT|Any CPU
		{FE94C0DD-03AC-484F-A00F-CA60818E0D94}.Debug_Web|Any CPU.ActiveCfg = Debug_Web|Any CPU
		{FE94C0DD-03AC-484F-A00F-CA60818E0D94}.Debug|Any CPU.ActiveCfg = Debug|Any CPU
		{FE94C0DD-03AC-484F-A00F-CA60818E0D94}.Debug|Any CPU.Build.0 = Debug|Any CPU
		{FE94C0DD-03AC-484F-A00F-CA60818E0D94}.DebugLocal|Any CPU.ActiveCfg = Debug_Web|Any CPU
		{FE94C0DD-03AC-484F-A00F-CA60818E0D94}.DebugLocal|Any CPU.Build.0 = Debug_Web|Any CPU
		{FE94C0DD-03AC-484F-A00F-CA60818E0D94}.Production|Any CPU.ActiveCfg = Debug_Web|Any CPU
		{FE94C0DD-03AC-484F-A00F-CA60818E0D94}.Production|Any CPU.Build.0 = Debug_Web|Any CPU
		{FE94C0DD-03AC-484F-A00F-CA60818E0D94}.Release|Any CPU.ActiveCfg = Release|Any CPU
		{FE94C0DD-03AC-484F-A00F-CA60818E0D94}.Release|Any CPU.Build.0 = Release|Any CPU
		{FE94C0DD-03AC-484F-A00F-CA60818E0D94}.UAT|Any CPU.ActiveCfg = UAT|Any CPU
		{FE94C0DD-03AC-484F-A00F-CA60818E0D94}.UAT|Any CPU.Build.0 = UAT|Any CPU
		{649E9FDF-EA82-4214-AF0A-2E143B62FE32}.Debug_Web|Any CPU.ActiveCfg = Debug_Web|Any CPU
		{649E9FDF-EA82-4214-AF0A-2E143B62FE32}.Debug|Any CPU.ActiveCfg = Debug|Any CPU
		{649E9FDF-EA82-4214-AF0A-2E143B62FE32}.Debug|Any CPU.Build.0 = Debug|Any CPU
		{649E9FDF-EA82-4214-AF0A-2E143B62FE32}.DebugLocal|Any CPU.ActiveCfg = Debug_Web|Any CPU
		{649E9FDF-EA82-4214-AF0A-2E143B62FE32}.DebugLocal|Any CPU.Build.0 = Debug_Web|Any CPU
		{649E9FDF-EA82-4214-AF0A-2E143B62FE32}.Production|Any CPU.ActiveCfg = Debug_Web|Any CPU
		{649E9FDF-EA82-4214-AF0A-2E143B62FE32}.Production|Any CPU.Build.0 = Debug_Web|Any CPU
		{649E9FDF-EA82-4214-AF0A-2E143B62FE32}.Release|Any CPU.ActiveCfg = Release|Any CPU
		{649E9FDF-EA82-4214-AF0A-2E143B62FE32}.Release|Any CPU.Build.0 = Release|Any CPU
		{649E9FDF-EA82-4214-AF0A-2E143B62FE32}.UAT|Any CPU.ActiveCfg = UAT|Any CPU
		{649E9FDF-EA82-4214-AF0A-2E143B62FE32}.UAT|Any CPU.Build.0 = UAT|Any CPU
		{F57C4A2D-AB86-4752-9014-FAD928BE28D6}.Debug_Web|Any CPU.ActiveCfg = Debug_Web|Any CPU
		{F57C4A2D-AB86-4752-9014-FAD928BE28D6}.Debug|Any CPU.ActiveCfg = Debug|Any CPU
		{F57C4A2D-AB86-4752-9014-FAD928BE28D6}.Debug|Any CPU.Build.0 = Debug|Any CPU
		{F57C4A2D-AB86-4752-9014-FAD928BE28D6}.DebugLocal|Any CPU.ActiveCfg = Debug_Web|Any CPU
		{F57C4A2D-AB86-4752-9014-FAD928BE28D6}.DebugLocal|Any CPU.Build.0 = Debug_Web|Any CPU
		{F57C4A2D-AB86-4752-9014-FAD928BE28D6}.Production|Any CPU.ActiveCfg = Debug_Web|Any CPU
		{F57C4A2D-AB86-4752-9014-FAD928BE28D6}.Production|Any CPU.Build.0 = Debug_Web|Any CPU
		{F57C4A2D-AB86-4752-9014-FAD928BE28D6}.Release|Any CPU.ActiveCfg = Release|Any CPU
		{F57C4A2D-AB86-4752-9014-FAD928BE28D6}.Release|Any CPU.Build.0 = Release|Any CPU
		{F57C4A2D-AB86-4752-9014-FAD928BE28D6}.UAT|Any CPU.ActiveCfg = UAT|Any CPU
		{F57C4A2D-AB86-4752-9014-FAD928BE28D6}.UAT|Any CPU.Build.0 = UAT|Any CPU
		{D486866A-DB52-4B0D-8670-D4CE65A3FAAD}.Debug_Web|Any CPU.ActiveCfg = Debug|Any CPU
		{D486866A-DB52-4B0D-8670-D4CE65A3FAAD}.Debug_Web|Any CPU.Build.0 = Debug|Any CPU
		{D486866A-DB52-4B0D-8670-D4CE65A3FAAD}.Debug|Any CPU.ActiveCfg = Debug|Any CPU
		{D486866A-DB52-4B0D-8670-D4CE65A3FAAD}.Debug|Any CPU.Build.0 = Debug|Any CPU
		{D486866A-DB52-4B0D-8670-D4CE65A3FAAD}.DebugLocal|Any CPU.ActiveCfg = Debug|Any CPU
		{D486866A-DB52-4B0D-8670-D4CE65A3FAAD}.DebugLocal|Any CPU.Build.0 = Debug|Any CPU
		{D486866A-DB52-4B0D-8670-D4CE65A3FAAD}.Production|Any CPU.ActiveCfg = Release|Any CPU
		{D486866A-DB52-4B0D-8670-D4CE65A3FAAD}.Production|Any CPU.Build.0 = Release|Any CPU
		{D486866A-DB52-4B0D-8670-D4CE65A3FAAD}.Release|Any CPU.ActiveCfg = Release|Any CPU
		{D486866A-DB52-4B0D-8670-D4CE65A3FAAD}.Release|Any CPU.Build.0 = Release|Any CPU
		{D486866A-DB52-4B0D-8670-D4CE65A3FAAD}.UAT|Any CPU.ActiveCfg = UAT|Any CPU
		{D486866A-DB52-4B0D-8670-D4CE65A3FAAD}.UAT|Any CPU.Build.0 = UAT|Any CPU
		{C396DBC3-ADA7-4914-931B-E8FFB51D03CC}.Debug_Web|Any CPU.ActiveCfg = Debug_Web
		{C396DBC3-ADA7-4914-931B-E8FFB51D03CC}.Debug_Web|Any CPU.Build.0 = Debug_Web
		{C396DBC3-ADA7-4914-931B-E8FFB51D03CC}.Debug|Any CPU.ActiveCfg = Debug_Web
		{C396DBC3-ADA7-4914-931B-E8FFB51D03CC}.DebugLocal|Any CPU.ActiveCfg = Debug_Web
		{C396DBC3-ADA7-4914-931B-E8FFB51D03CC}.DebugLocal|Any CPU.Build.0 = Debug_Web
		{C396DBC3-ADA7-4914-931B-E8FFB51D03CC}.Production|Any CPU.ActiveCfg = Release
		{C396DBC3-ADA7-4914-931B-E8FFB51D03CC}.Production|Any CPU.Build.0 = Release
		{C396DBC3-ADA7-4914-931B-E8FFB51D03CC}.Release|Any CPU.ActiveCfg = Release
		{C396DBC3-ADA7-4914-931B-E8FFB51D03CC}.Release|Any CPU.Build.0 = Release
		{C396DBC3-ADA7-4914-931B-E8FFB51D03CC}.UAT|Any CPU.ActiveCfg = UAT
		{9AC3ACCE-63D9-468B-99E0-4E87D1835AA4}.Debug_Web|Any CPU.ActiveCfg = Debug|Any CPU
		{9AC3ACCE-63D9-468B-99E0-4E87D1835AA4}.Debug_Web|Any CPU.Build.0 = Debug|Any CPU
		{9AC3ACCE-63D9-468B-99E0-4E87D1835AA4}.Debug|Any CPU.ActiveCfg = Debug|Any CPU
		{9AC3ACCE-63D9-468B-99E0-4E87D1835AA4}.Debug|Any CPU.Build.0 = Debug|Any CPU
		{9AC3ACCE-63D9-468B-99E0-4E87D1835AA4}.DebugLocal|Any CPU.ActiveCfg = Debug|Any CPU
		{9AC3ACCE-63D9-468B-99E0-4E87D1835AA4}.DebugLocal|Any CPU.Build.0 = Debug|Any CPU
		{9AC3ACCE-63D9-468B-99E0-4E87D1835AA4}.Production|Any CPU.ActiveCfg = Release|Any CPU
		{9AC3ACCE-63D9-468B-99E0-4E87D1835AA4}.Production|Any CPU.Build.0 = Release|Any CPU
		{9AC3ACCE-63D9-468B-99E0-4E87D1835AA4}.Release|Any CPU.ActiveCfg = Release|Any CPU
		{9AC3ACCE-63D9-468B-99E0-4E87D1835AA4}.Release|Any CPU.Build.0 = Release|Any CPU
		{9AC3ACCE-63D9-468B-99E0-4E87D1835AA4}.UAT|Any CPU.ActiveCfg = UAT|Any CPU
		{9AC3ACCE-63D9-468B-99E0-4E87D1835AA4}.UAT|Any CPU.Build.0 = UAT|Any CPU
		{F748970D-7BFE-46DB-BA01-F8B00747EC3C}.Debug_Web|Any CPU.ActiveCfg = DebugLocal
		{F748970D-7BFE-46DB-BA01-F8B00747EC3C}.Debug|Any CPU.ActiveCfg = DebugLocal
		{F748970D-7BFE-46DB-BA01-F8B00747EC3C}.DebugLocal|Any CPU.ActiveCfg = DebugLocal
		{F748970D-7BFE-46DB-BA01-F8B00747EC3C}.Production|Any CPU.ActiveCfg = Production
		{F748970D-7BFE-46DB-BA01-F8B00747EC3C}.Release|Any CPU.ActiveCfg = Production
		{F748970D-7BFE-46DB-BA01-F8B00747EC3C}.UAT|Any CPU.ActiveCfg = UAT
		{F748970D-7BFE-46DB-BA01-F8B00747EC3C}.UAT|Any CPU.Deploy.0 = UAT
	EndGlobalSection
	GlobalSection(SolutionProperties) = preSolution
		HideSolutionNode = FALSE
	EndGlobalSection
EndGlobal
